// !$*UTF8*$!
{
	archiveVersion = 1;
	classes = {
	};
	objectVersion = 56;
	objects = {

/* Begin PBXBuildFile section */
		C60E7A2A296C485C005754F9 /* Poppins-Medium.ttf in Resources */ = {isa = PBXBuildFile; fileRef = C60E7A24296C485B005754F9 /* Poppins-Medium.ttf */; };
		C60E7A2B296C485C005754F9 /* Poppins-Regular.ttf in Resources */ = {isa = PBXBuildFile; fileRef = C60E7A25296C485B005754F9 /* Poppins-Regular.ttf */; };
		C60E7A2C296C485C005754F9 /* Poppins-SemiBold.ttf in Resources */ = {isa = PBXBuildFile; fileRef = C60E7A26296C485B005754F9 /* Poppins-SemiBold.ttf */; };
		C60E7A2E296C485C005754F9 /* Poppins-Light.ttf in Resources */ = {isa = PBXBuildFile; fileRef = C60E7A28296C485C005754F9 /* Poppins-Light.ttf */; };
		C60E7A2F296C485C005754F9 /* Poppins-Bold.ttf in Resources */ = {isa = PBXBuildFile; fileRef = C60E7A29296C485C005754F9 /* Poppins-Bold.ttf */; };
		C60E7A32296C4B4C005754F9 /* Lottie in Frameworks */ = {isa = PBXBuildFile; productRef = C60E7A31296C4B4C005754F9 /* Lottie */; };
		C60E7A38296C4C1A005754F9 /* Presentation.swift in Sources */ = {isa = PBXBuildFile; fileRef = C60E7A37296C4C1A005754F9 /* Presentation.swift */; };
		C60E7A3B296C4D81005754F9 /* Hero in Frameworks */ = {isa = PBXBuildFile; productRef = C60E7A3A296C4D81005754F9 /* Hero */; };
		C60E7A3D296C5B40005754F9 /* SceneDelegate.swift in Sources */ = {isa = PBXBuildFile; fileRef = C60E7A3C296C5B40005754F9 /* SceneDelegate.swift */; };
		C60E7A3F296C5DF0005754F9 /* WelcomeVC.swift in Sources */ = {isa = PBXBuildFile; fileRef = C60E7A3E296C5DF0005754F9 /* WelcomeVC.swift */; };
		C60E7A42296C63F5005754F9 /* wait.json in Resources */ = {isa = PBXBuildFile; fileRef = C60E7A41296C63F5005754F9 /* wait.json */; };
		C60E7A46296C9222005754F9 /* Font.swift in Sources */ = {isa = PBXBuildFile; fileRef = C60E7A45296C9222005754F9 /* Font.swift */; };
		C6BFB4A1296C41B70059FFAE /* AppDelegate.swift in Sources */ = {isa = PBXBuildFile; fileRef = C6BFB4A0296C41B70059FFAE /* AppDelegate.swift */; };
		C6BFB4A5296C41B70059FFAE /* OpeningVC.swift in Sources */ = {isa = PBXBuildFile; fileRef = C6BFB4A4296C41B70059FFAE /* OpeningVC.swift */; };
		C6BFB4AA296C41BA0059FFAE /* Assets.xcassets in Resources */ = {isa = PBXBuildFile; fileRef = C6BFB4A9296C41BA0059FFAE /* Assets.xcassets */; };
		C6BFB4AD296C41BA0059FFAE /* LaunchScreen.storyboard in Resources */ = {isa = PBXBuildFile; fileRef = C6BFB4AB296C41BA0059FFAE /* LaunchScreen.storyboard */; };
		C6BFB4B9296C42DE0059FFAE /* CustomColor.swift in Sources */ = {isa = PBXBuildFile; fileRef = C6BFB4B8296C42DE0059FFAE /* CustomColor.swift */; };
		C6BFB4BC296C44080059FFAE /* SnapKit in Frameworks */ = {isa = PBXBuildFile; productRef = C6BFB4BB296C44080059FFAE /* SnapKit */; };
		C6BFB4BE296C443E0059FFAE /* CustomSearchBar.swift in Sources */ = {isa = PBXBuildFile; fileRef = C6BFB4BD296C443E0059FFAE /* CustomSearchBar.swift */; };
		C6BFB4C2296C44E40059FFAE /* CustomEditableTextView.swift in Sources */ = {isa = PBXBuildFile; fileRef = C6BFB4BF296C44E30059FFAE /* CustomEditableTextView.swift */; };
		C6BFB4C3296C44E40059FFAE /* CustomNonEditTextView.swift in Sources */ = {isa = PBXBuildFile; fileRef = C6BFB4C0296C44E40059FFAE /* CustomNonEditTextView.swift */; };
		C6BFB4C4296C44E40059FFAE /* CustomTextField.swift in Sources */ = {isa = PBXBuildFile; fileRef = C6BFB4C1296C44E40059FFAE /* CustomTextField.swift */; };
		C6BFB4CA296C45020059FFAE /* CustomFirstHeadLabel.swift in Sources */ = {isa = PBXBuildFile; fileRef = C6BFB4C5296C45010059FFAE /* CustomFirstHeadLabel.swift */; };
		C6BFB4CB296C45020059FFAE /* CustomHeaderView.swift in Sources */ = {isa = PBXBuildFile; fileRef = C6BFB4C6296C45010059FFAE /* CustomHeaderView.swift */; };
		C6BFB4CC296C45020059FFAE /* CustomNormalLabel.swift in Sources */ = {isa = PBXBuildFile; fileRef = C6BFB4C7296C45010059FFAE /* CustomNormalLabel.swift */; };
		C6BFB4CD296C45020059FFAE /* CustomNormalHeadLabel.swift in Sources */ = {isa = PBXBuildFile; fileRef = C6BFB4C8296C45020059FFAE /* CustomNormalHeadLabel.swift */; };
		C6BFB4CE296C45020059FFAE /* CustomSecondHeadLabel.swift in Sources */ = {isa = PBXBuildFile; fileRef = C6BFB4C9296C45020059FFAE /* CustomSecondHeadLabel.swift */; };
		C6BFB4D3296C45200059FFAE /* CustomPrimarySmallButton.swift in Sources */ = {isa = PBXBuildFile; fileRef = C6BFB4CF296C451F0059FFAE /* CustomPrimarySmallButton.swift */; };
		C6BFB4D4296C45200059FFAE /* CustomPrimaryLargeButton.swift in Sources */ = {isa = PBXBuildFile; fileRef = C6BFB4D0296C45200059FFAE /* CustomPrimaryLargeButton.swift */; };
		C6BFB4D5296C45200059FFAE /* CustomSecondarySmallButton.swift in Sources */ = {isa = PBXBuildFile; fileRef = C6BFB4D1296C45200059FFAE /* CustomSecondarySmallButton.swift */; };
		C6BFB4D6296C45200059FFAE /* CustomSecondaryLargeButton.swift in Sources */ = {isa = PBXBuildFile; fileRef = C6BFB4D2296C45200059FFAE /* CustomSecondaryLargeButton.swift */; };
		C6C3C827296CA4EA000AE4CE /* IntroVC.swift in Sources */ = {isa = PBXBuildFile; fileRef = C6C3C826296CA4EA000AE4CE /* IntroVC.swift */; };
		C6C3C829296CA5D5000AE4CE /* CustomIntroLabel.swift in Sources */ = {isa = PBXBuildFile; fileRef = C6C3C828296CA5D5000AE4CE /* CustomIntroLabel.swift */; };
		C6C3C82B296D47A9000AE4CE /* Intro2VC.swift in Sources */ = {isa = PBXBuildFile; fileRef = C6C3C82A296D47A9000AE4CE /* Intro2VC.swift */; };
		C6C3C82D296D47BC000AE4CE /* Intro3VC.swift in Sources */ = {isa = PBXBuildFile; fileRef = C6C3C82C296D47BC000AE4CE /* Intro3VC.swift */; };
		C6C3C82F296D4A59000AE4CE /* Intro1VC.swift in Sources */ = {isa = PBXBuildFile; fileRef = C6C3C82E296D4A59000AE4CE /* Intro1VC.swift */; };
		C6C3C831296D647D000AE4CE /* CustomIntroTextView.swift in Sources */ = {isa = PBXBuildFile; fileRef = C6C3C830296D647D000AE4CE /* CustomIntroTextView.swift */; };
		C6C3C833296D8537000AE4CE /* SignInVC.swift in Sources */ = {isa = PBXBuildFile; fileRef = C6C3C832296D8537000AE4CE /* SignInVC.swift */; };
		C6C3C835296D8FC7000AE4CE /* CustomBottomSignButton.swift in Sources */ = {isa = PBXBuildFile; fileRef = C6C3C834296D8FC7000AE4CE /* CustomBottomSignButton.swift */; };
		C6C3C839296D9871000AE4CE /* CustomConnectionButton.swift in Sources */ = {isa = PBXBuildFile; fileRef = C6C3C838296D9871000AE4CE /* CustomConnectionButton.swift */; };
		C6C3C83B296DA87A000AE4CE /* CreateAccountVC.swift in Sources */ = {isa = PBXBuildFile; fileRef = C6C3C83A296DA87A000AE4CE /* CreateAccountVC.swift */; };
		C6C3C83D296FF453000AE4CE /* LogInAccountVC.swift in Sources */ = {isa = PBXBuildFile; fileRef = C6C3C83C296FF451000AE4CE /* LogInAccountVC.swift */; };
		C6C3C83F296FFD77000AE4CE /* FillYourProfileVC.swift in Sources */ = {isa = PBXBuildFile; fileRef = C6C3C83E296FFD77000AE4CE /* FillYourProfileVC.swift */; };
		C6C3C84129701310000AE4CE /* PinMapVC.swift in Sources */ = {isa = PBXBuildFile; fileRef = C6C3C84029701310000AE4CE /* PinMapVC.swift */; };
		C6C3C84329702398000AE4CE /* CreatePinVC.swift in Sources */ = {isa = PBXBuildFile; fileRef = C6C3C84229702398000AE4CE /* CreatePinVC.swift */; };
		C6C3C84629703F34000AE4CE /* CHIOTPField in Frameworks */ = {isa = PBXBuildFile; productRef = C6C3C84529703F34000AE4CE /* CHIOTPField */; };
		C6C3C84829704254000AE4CE /* SetFingerPrintVC.swift in Sources */ = {isa = PBXBuildFile; fileRef = C6C3C84729704254000AE4CE /* SetFingerPrintVC.swift */; };
		C6C3C84A29704D0B000AE4CE /* CongratsPopVC.swift in Sources */ = {isa = PBXBuildFile; fileRef = C6C3C84929704D0A000AE4CE /* CongratsPopVC.swift */; };
/* End PBXBuildFile section */

/* Begin PBXFileReference section */
		C60E7A24296C485B005754F9 /* Poppins-Medium.ttf */ = {isa = PBXFileReference; lastKnownFileType = file; path = "Poppins-Medium.ttf"; sourceTree = "<group>"; };
		C60E7A25296C485B005754F9 /* Poppins-Regular.ttf */ = {isa = PBXFileReference; lastKnownFileType = file; path = "Poppins-Regular.ttf"; sourceTree = "<group>"; };
		C60E7A26296C485B005754F9 /* Poppins-SemiBold.ttf */ = {isa = PBXFileReference; lastKnownFileType = file; path = "Poppins-SemiBold.ttf"; sourceTree = "<group>"; };
		C60E7A28296C485C005754F9 /* Poppins-Light.ttf */ = {isa = PBXFileReference; lastKnownFileType = file; path = "Poppins-Light.ttf"; sourceTree = "<group>"; };
		C60E7A29296C485C005754F9 /* Poppins-Bold.ttf */ = {isa = PBXFileReference; lastKnownFileType = file; path = "Poppins-Bold.ttf"; sourceTree = "<group>"; };
		C60E7A37296C4C1A005754F9 /* Presentation.swift */ = {isa = PBXFileReference; fileEncoding = 4; lastKnownFileType = sourcecode.swift; path = Presentation.swift; sourceTree = "<group>"; };
		C60E7A3C296C5B40005754F9 /* SceneDelegate.swift */ = {isa = PBXFileReference; fileEncoding = 4; lastKnownFileType = sourcecode.swift; path = SceneDelegate.swift; sourceTree = "<group>"; };
		C60E7A3E296C5DF0005754F9 /* WelcomeVC.swift */ = {isa = PBXFileReference; lastKnownFileType = sourcecode.swift; path = WelcomeVC.swift; sourceTree = "<group>"; };
		C60E7A41296C63F5005754F9 /* wait.json */ = {isa = PBXFileReference; fileEncoding = 4; lastKnownFileType = text.json; path = wait.json; sourceTree = "<group>"; };
		C60E7A45296C9222005754F9 /* Font.swift */ = {isa = PBXFileReference; fileEncoding = 4; lastKnownFileType = sourcecode.swift; name = Font.swift; path = "../../../../../../Downloads/GeyimBurada-main/Geyim Burada/Constants/Fonts/Font.swift"; sourceTree = "<group>"; };
		C6BFB49D296C41B70059FFAE /* Kuryeburada.app */ = {isa = PBXFileReference; explicitFileType = wrapper.application; includeInIndex = 0; path = Kuryeburada.app; sourceTree = BUILT_PRODUCTS_DIR; };
		C6BFB4A0296C41B70059FFAE /* AppDelegate.swift */ = {isa = PBXFileReference; lastKnownFileType = sourcecode.swift; path = AppDelegate.swift; sourceTree = "<group>"; };
		C6BFB4A4296C41B70059FFAE /* OpeningVC.swift */ = {isa = PBXFileReference; lastKnownFileType = sourcecode.swift; path = OpeningVC.swift; sourceTree = "<group>"; };
		C6BFB4A9296C41BA0059FFAE /* Assets.xcassets */ = {isa = PBXFileReference; lastKnownFileType = folder.assetcatalog; path = Assets.xcassets; sourceTree = "<group>"; };
		C6BFB4AC296C41BA0059FFAE /* Base */ = {isa = PBXFileReference; lastKnownFileType = file.storyboard; name = Base; path = Base.lproj/LaunchScreen.storyboard; sourceTree = "<group>"; };
		C6BFB4AE296C41BA0059FFAE /* Info.plist */ = {isa = PBXFileReference; lastKnownFileType = text.plist.xml; path = Info.plist; sourceTree = "<group>"; };
		C6BFB4B8296C42DE0059FFAE /* CustomColor.swift */ = {isa = PBXFileReference; lastKnownFileType = sourcecode.swift; path = CustomColor.swift; sourceTree = "<group>"; };
		C6BFB4BD296C443E0059FFAE /* CustomSearchBar.swift */ = {isa = PBXFileReference; lastKnownFileType = sourcecode.swift; path = CustomSearchBar.swift; sourceTree = "<group>"; };
		C6BFB4BF296C44E30059FFAE /* CustomEditableTextView.swift */ = {isa = PBXFileReference; fileEncoding = 4; lastKnownFileType = sourcecode.swift; path = CustomEditableTextView.swift; sourceTree = "<group>"; };
		C6BFB4C0296C44E40059FFAE /* CustomNonEditTextView.swift */ = {isa = PBXFileReference; fileEncoding = 4; lastKnownFileType = sourcecode.swift; path = CustomNonEditTextView.swift; sourceTree = "<group>"; };
		C6BFB4C1296C44E40059FFAE /* CustomTextField.swift */ = {isa = PBXFileReference; fileEncoding = 4; lastKnownFileType = sourcecode.swift; path = CustomTextField.swift; sourceTree = "<group>"; };
		C6BFB4C5296C45010059FFAE /* CustomFirstHeadLabel.swift */ = {isa = PBXFileReference; fileEncoding = 4; lastKnownFileType = sourcecode.swift; path = CustomFirstHeadLabel.swift; sourceTree = "<group>"; };
		C6BFB4C6296C45010059FFAE /* CustomHeaderView.swift */ = {isa = PBXFileReference; fileEncoding = 4; lastKnownFileType = sourcecode.swift; path = CustomHeaderView.swift; sourceTree = "<group>"; };
		C6BFB4C7296C45010059FFAE /* CustomNormalLabel.swift */ = {isa = PBXFileReference; fileEncoding = 4; lastKnownFileType = sourcecode.swift; path = CustomNormalLabel.swift; sourceTree = "<group>"; };
		C6BFB4C8296C45020059FFAE /* CustomNormalHeadLabel.swift */ = {isa = PBXFileReference; fileEncoding = 4; lastKnownFileType = sourcecode.swift; path = CustomNormalHeadLabel.swift; sourceTree = "<group>"; };
		C6BFB4C9296C45020059FFAE /* CustomSecondHeadLabel.swift */ = {isa = PBXFileReference; fileEncoding = 4; lastKnownFileType = sourcecode.swift; path = CustomSecondHeadLabel.swift; sourceTree = "<group>"; };
		C6BFB4CF296C451F0059FFAE /* CustomPrimarySmallButton.swift */ = {isa = PBXFileReference; fileEncoding = 4; lastKnownFileType = sourcecode.swift; path = CustomPrimarySmallButton.swift; sourceTree = "<group>"; };
		C6BFB4D0296C45200059FFAE /* CustomPrimaryLargeButton.swift */ = {isa = PBXFileReference; fileEncoding = 4; lastKnownFileType = sourcecode.swift; path = CustomPrimaryLargeButton.swift; sourceTree = "<group>"; };
		C6BFB4D1296C45200059FFAE /* CustomSecondarySmallButton.swift */ = {isa = PBXFileReference; fileEncoding = 4; lastKnownFileType = sourcecode.swift; path = CustomSecondarySmallButton.swift; sourceTree = "<group>"; };
		C6BFB4D2296C45200059FFAE /* CustomSecondaryLargeButton.swift */ = {isa = PBXFileReference; fileEncoding = 4; lastKnownFileType = sourcecode.swift; path = CustomSecondaryLargeButton.swift; sourceTree = "<group>"; };
		C6C3C826296CA4EA000AE4CE /* IntroVC.swift */ = {isa = PBXFileReference; lastKnownFileType = sourcecode.swift; path = IntroVC.swift; sourceTree = "<group>"; };
		C6C3C828296CA5D5000AE4CE /* CustomIntroLabel.swift */ = {isa = PBXFileReference; lastKnownFileType = sourcecode.swift; path = CustomIntroLabel.swift; sourceTree = "<group>"; };
		C6C3C82A296D47A9000AE4CE /* Intro2VC.swift */ = {isa = PBXFileReference; lastKnownFileType = sourcecode.swift; path = Intro2VC.swift; sourceTree = "<group>"; };
		C6C3C82C296D47BC000AE4CE /* Intro3VC.swift */ = {isa = PBXFileReference; lastKnownFileType = sourcecode.swift; path = Intro3VC.swift; sourceTree = "<group>"; };
		C6C3C82E296D4A59000AE4CE /* Intro1VC.swift */ = {isa = PBXFileReference; lastKnownFileType = sourcecode.swift; path = Intro1VC.swift; sourceTree = "<group>"; };
		C6C3C830296D647D000AE4CE /* CustomIntroTextView.swift */ = {isa = PBXFileReference; lastKnownFileType = sourcecode.swift; path = CustomIntroTextView.swift; sourceTree = "<group>"; };
		C6C3C832296D8537000AE4CE /* SignInVC.swift */ = {isa = PBXFileReference; lastKnownFileType = sourcecode.swift; path = SignInVC.swift; sourceTree = "<group>"; };
		C6C3C834296D8FC7000AE4CE /* CustomBottomSignButton.swift */ = {isa = PBXFileReference; lastKnownFileType = sourcecode.swift; path = CustomBottomSignButton.swift; sourceTree = "<group>"; };
		C6C3C838296D9871000AE4CE /* CustomConnectionButton.swift */ = {isa = PBXFileReference; lastKnownFileType = sourcecode.swift; path = CustomConnectionButton.swift; sourceTree = "<group>"; };
		C6C3C83A296DA87A000AE4CE /* CreateAccountVC.swift */ = {isa = PBXFileReference; lastKnownFileType = sourcecode.swift; path = CreateAccountVC.swift; sourceTree = "<group>"; };
		C6C3C83C296FF451000AE4CE /* LogInAccountVC.swift */ = {isa = PBXFileReference; lastKnownFileType = sourcecode.swift; path = LogInAccountVC.swift; sourceTree = "<group>"; };
		C6C3C83E296FFD77000AE4CE /* FillYourProfileVC.swift */ = {isa = PBXFileReference; lastKnownFileType = sourcecode.swift; path = FillYourProfileVC.swift; sourceTree = "<group>"; };
		C6C3C84029701310000AE4CE /* PinMapVC.swift */ = {isa = PBXFileReference; lastKnownFileType = sourcecode.swift; path = PinMapVC.swift; sourceTree = "<group>"; };
		C6C3C84229702398000AE4CE /* CreatePinVC.swift */ = {isa = PBXFileReference; lastKnownFileType = sourcecode.swift; path = CreatePinVC.swift; sourceTree = "<group>"; };
		C6C3C84729704254000AE4CE /* SetFingerPrintVC.swift */ = {isa = PBXFileReference; lastKnownFileType = sourcecode.swift; path = SetFingerPrintVC.swift; sourceTree = "<group>"; };
		C6C3C84929704D0A000AE4CE /* CongratsPopVC.swift */ = {isa = PBXFileReference; lastKnownFileType = sourcecode.swift; path = CongratsPopVC.swift; sourceTree = "<group>"; };
/* End PBXFileReference section */

/* Begin PBXFrameworksBuildPhase section */
		C6BFB49A296C41B70059FFAE /* Frameworks */ = {
			isa = PBXFrameworksBuildPhase;
			buildActionMask = 2147483647;
			files = (
				C6BFB4BC296C44080059FFAE /* SnapKit in Frameworks */,
				C60E7A3B296C4D81005754F9 /* Hero in Frameworks */,
				C6C3C84629703F34000AE4CE /* CHIOTPField in Frameworks */,
				C60E7A32296C4B4C005754F9 /* Lottie in Frameworks */,
			);
			runOnlyForDeploymentPostprocessing = 0;
		};
/* End PBXFrameworksBuildPhase section */

/* Begin PBXGroup section */
		C60E7A40296C6082005754F9 /* Constant */ = {
			isa = PBXGroup;
			children = (
				C60E7A37296C4C1A005754F9 /* Presentation.swift */,
			);
			path = Constant;
			sourceTree = "<group>";
		};
		C60E7A43296C6887005754F9 /* LottieAnimations */ = {
			isa = PBXGroup;
			children = (
				C60E7A41296C63F5005754F9 /* wait.json */,
			);
			path = LottieAnimations;
			sourceTree = "<group>";
		};
		C60E7A44296C6B2D005754F9 /* Components */ = {
			isa = PBXGroup;
			children = (
				C6BFB4DE296C47B80059FFAE /* Font */,
				C6BFB4DB296C46E00059FFAE /* Text */,
				C6BFB4DA296C46850059FFAE /* Color */,
				C6BFB4D9296C46690059FFAE /* SearchBar */,
				C6BFB4D8296C45500059FFAE /* Labels */,
				C6BFB4D7296C452D0059FFAE /* Buttons */,
			);
			path = Components;
			sourceTree = "<group>";
		};
		C6BFB494296C41B70059FFAE = {
			isa = PBXGroup;
			children = (
				C6BFB49F296C41B70059FFAE /* Kuryeburada */,
				C6BFB49E296C41B70059FFAE /* Products */,
			);
			sourceTree = "<group>";
		};
		C6BFB49E296C41B70059FFAE /* Products */ = {
			isa = PBXGroup;
			children = (
				C6BFB49D296C41B70059FFAE /* Kuryeburada.app */,
			);
			name = Products;
			sourceTree = "<group>";
		};
		C6BFB49F296C41B70059FFAE /* Kuryeburada */ = {
			isa = PBXGroup;
			children = (
				C60E7A44296C6B2D005754F9 /* Components */,
				C60E7A43296C6887005754F9 /* LottieAnimations */,
				C60E7A40296C6082005754F9 /* Constant */,
				C6BFB4DC296C478A0059FFAE /* Delegates */,
				C6BFB4DD296C47A00059FFAE /* ViewControllers */,
				C6BFB4A9296C41BA0059FFAE /* Assets.xcassets */,
				C6BFB4AB296C41BA0059FFAE /* LaunchScreen.storyboard */,
				C6BFB4AE296C41BA0059FFAE /* Info.plist */,
			);
			path = Kuryeburada;
			sourceTree = "<group>";
		};
		C6BFB4D7296C452D0059FFAE /* Buttons */ = {
			isa = PBXGroup;
			children = (
				C6BFB4D0296C45200059FFAE /* CustomPrimaryLargeButton.swift */,
				C6BFB4CF296C451F0059FFAE /* CustomPrimarySmallButton.swift */,
				C6BFB4D2296C45200059FFAE /* CustomSecondaryLargeButton.swift */,
				C6BFB4D1296C45200059FFAE /* CustomSecondarySmallButton.swift */,
				C6C3C834296D8FC7000AE4CE /* CustomBottomSignButton.swift */,
				C6C3C838296D9871000AE4CE /* CustomConnectionButton.swift */,
			);
			path = Buttons;
			sourceTree = "<group>";
		};
		C6BFB4D8296C45500059FFAE /* Labels */ = {
			isa = PBXGroup;
			children = (
				C6BFB4C6296C45010059FFAE /* CustomHeaderView.swift */,
				C6BFB4C5296C45010059FFAE /* CustomFirstHeadLabel.swift */,
				C6BFB4C9296C45020059FFAE /* CustomSecondHeadLabel.swift */,
				C6BFB4C8296C45020059FFAE /* CustomNormalHeadLabel.swift */,
				C6BFB4C7296C45010059FFAE /* CustomNormalLabel.swift */,
				C6C3C828296CA5D5000AE4CE /* CustomIntroLabel.swift */,
			);
			path = Labels;
			sourceTree = "<group>";
		};
		C6BFB4D9296C46690059FFAE /* SearchBar */ = {
			isa = PBXGroup;
			children = (
				C6BFB4BD296C443E0059FFAE /* CustomSearchBar.swift */,
			);
			path = SearchBar;
			sourceTree = "<group>";
		};
		C6BFB4DA296C46850059FFAE /* Color */ = {
			isa = PBXGroup;
			children = (
				C6BFB4B8296C42DE0059FFAE /* CustomColor.swift */,
			);
			path = Color;
			sourceTree = "<group>";
		};
		C6BFB4DB296C46E00059FFAE /* Text */ = {
			isa = PBXGroup;
			children = (
				C6BFB4C1296C44E40059FFAE /* CustomTextField.swift */,
				C6BFB4BF296C44E30059FFAE /* CustomEditableTextView.swift */,
				C6BFB4C0296C44E40059FFAE /* CustomNonEditTextView.swift */,
				C6C3C830296D647D000AE4CE /* CustomIntroTextView.swift */,
			);
			path = Text;
			sourceTree = "<group>";
		};
		C6BFB4DC296C478A0059FFAE /* Delegates */ = {
			isa = PBXGroup;
			children = (
				C6BFB4A0296C41B70059FFAE /* AppDelegate.swift */,
				C60E7A3C296C5B40005754F9 /* SceneDelegate.swift */,
			);
			path = Delegates;
			sourceTree = "<group>";
		};
		C6BFB4DD296C47A00059FFAE /* ViewControllers */ = {
			isa = PBXGroup;
			children = (
				C6BFB4A4296C41B70059FFAE /* OpeningVC.swift */,
				C60E7A3E296C5DF0005754F9 /* WelcomeVC.swift */,
				C6C3C826296CA4EA000AE4CE /* IntroVC.swift */,
				C6C3C82E296D4A59000AE4CE /* Intro1VC.swift */,
				C6C3C82A296D47A9000AE4CE /* Intro2VC.swift */,
				C6C3C82C296D47BC000AE4CE /* Intro3VC.swift */,
				C6C3C832296D8537000AE4CE /* SignInVC.swift */,
				C6C3C83A296DA87A000AE4CE /* CreateAccountVC.swift */,
				C6C3C83C296FF451000AE4CE /* LogInAccountVC.swift */,
				C6C3C83E296FFD77000AE4CE /* FillYourProfileVC.swift */,
				C6C3C84029701310000AE4CE /* PinMapVC.swift */,
				C6C3C84229702398000AE4CE /* CreatePinVC.swift */,
				C6C3C84729704254000AE4CE /* SetFingerPrintVC.swift */,
				C6C3C84929704D0A000AE4CE /* CongratsPopVC.swift */,
			);
			path = ViewControllers;
			sourceTree = "<group>";
		};
		C6BFB4DE296C47B80059FFAE /* Font */ = {
			isa = PBXGroup;
			children = (
				C60E7A29296C485C005754F9 /* Poppins-Bold.ttf */,
				C60E7A28296C485C005754F9 /* Poppins-Light.ttf */,
				C60E7A24296C485B005754F9 /* Poppins-Medium.ttf */,
				C60E7A25296C485B005754F9 /* Poppins-Regular.ttf */,
				C60E7A26296C485B005754F9 /* Poppins-SemiBold.ttf */,
				C60E7A45296C9222005754F9 /* Font.swift */,
			);
			path = Font;
			sourceTree = "<group>";
		};
/* End PBXGroup section */

/* Begin PBXNativeTarget section */
		C6BFB49C296C41B70059FFAE /* Kuryeburada */ = {
			isa = PBXNativeTarget;
			buildConfigurationList = C6BFB4B1296C41BA0059FFAE /* Build configuration list for PBXNativeTarget "Kuryeburada" */;
			buildPhases = (
				C6BFB499296C41B70059FFAE /* Sources */,
				C6BFB49A296C41B70059FFAE /* Frameworks */,
				C6BFB49B296C41B70059FFAE /* Resources */,
			);
			buildRules = (
			);
			dependencies = (
			);
			name = Kuryeburada;
			packageProductDependencies = (
				C6BFB4BB296C44080059FFAE /* SnapKit */,
				C60E7A31296C4B4C005754F9 /* Lottie */,
				C60E7A3A296C4D81005754F9 /* Hero */,
				C6C3C84529703F34000AE4CE /* CHIOTPField */,
			);
			productName = Kuryeburada;
			productReference = C6BFB49D296C41B70059FFAE /* Kuryeburada.app */;
			productType = "com.apple.product-type.application";
		};
/* End PBXNativeTarget section */

/* Begin PBXProject section */
		C6BFB495296C41B70059FFAE /* Project object */ = {
			isa = PBXProject;
			attributes = {
				BuildIndependentTargetsInParallel = 1;
				LastSwiftUpdateCheck = 1400;
				LastUpgradeCheck = 1400;
				TargetAttributes = {
					C6BFB49C296C41B70059FFAE = {
						CreatedOnToolsVersion = 14.0.1;
					};
				};
			};
			buildConfigurationList = C6BFB498296C41B70059FFAE /* Build configuration list for PBXProject "Kuryeburada" */;
			compatibilityVersion = "Xcode 14.0";
			developmentRegion = en;
			hasScannedForEncodings = 0;
			knownRegions = (
				en,
				Base,
			);
			mainGroup = C6BFB494296C41B70059FFAE;
			packageReferences = (
				C6BFB4BA296C44080059FFAE /* XCRemoteSwiftPackageReference "SnapKit" */,
				C60E7A30296C4B4C005754F9 /* XCRemoteSwiftPackageReference "lottie-ios" */,
				C60E7A39296C4D81005754F9 /* XCRemoteSwiftPackageReference "Hero" */,
				C6C3C84429703F34000AE4CE /* XCRemoteSwiftPackageReference "CHIOTPField" */,
			);
			productRefGroup = C6BFB49E296C41B70059FFAE /* Products */;
			projectDirPath = "";
			projectRoot = "";
			targets = (
				C6BFB49C296C41B70059FFAE /* Kuryeburada */,
			);
		};
/* End PBXProject section */

/* Begin PBXResourcesBuildPhase section */
		C6BFB49B296C41B70059FFAE /* Resources */ = {
			isa = PBXResourcesBuildPhase;
			buildActionMask = 2147483647;
			files = (
				C60E7A2E296C485C005754F9 /* Poppins-Light.ttf in Resources */,
				C6BFB4AD296C41BA0059FFAE /* LaunchScreen.storyboard in Resources */,
				C60E7A2A296C485C005754F9 /* Poppins-Medium.ttf in Resources */,
				C60E7A2F296C485C005754F9 /* Poppins-Bold.ttf in Resources */,
				C6BFB4AA296C41BA0059FFAE /* Assets.xcassets in Resources */,
				C60E7A2C296C485C005754F9 /* Poppins-SemiBold.ttf in Resources */,
				C60E7A42296C63F5005754F9 /* wait.json in Resources */,
				C60E7A2B296C485C005754F9 /* Poppins-Regular.ttf in Resources */,
			);
			runOnlyForDeploymentPostprocessing = 0;
		};
/* End PBXResourcesBuildPhase section */

/* Begin PBXSourcesBuildPhase section */
		C6BFB499296C41B70059FFAE /* Sources */ = {
			isa = PBXSourcesBuildPhase;
			buildActionMask = 2147483647;
			files = (
				C6BFB4A5296C41B70059FFAE /* OpeningVC.swift in Sources */,
				C6C3C82D296D47BC000AE4CE /* Intro3VC.swift in Sources */,
				C6C3C839296D9871000AE4CE /* CustomConnectionButton.swift in Sources */,
				C6C3C833296D8537000AE4CE /* SignInVC.swift in Sources */,
				C6BFB4D3296C45200059FFAE /* CustomPrimarySmallButton.swift in Sources */,
				C6BFB4D6296C45200059FFAE /* CustomSecondaryLargeButton.swift in Sources */,
				C6C3C82B296D47A9000AE4CE /* Intro2VC.swift in Sources */,
				C6BFB4CC296C45020059FFAE /* CustomNormalLabel.swift in Sources */,
				C6C3C83B296DA87A000AE4CE /* CreateAccountVC.swift in Sources */,
				C6C3C82F296D4A59000AE4CE /* Intro1VC.swift in Sources */,
				C6BFB4D5296C45200059FFAE /* CustomSecondarySmallButton.swift in Sources */,
				C6C3C84A29704D0B000AE4CE /* CongratsPopVC.swift in Sources */,
				C6BFB4C3296C44E40059FFAE /* CustomNonEditTextView.swift in Sources */,
				C6C3C831296D647D000AE4CE /* CustomIntroTextView.swift in Sources */,
				C6BFB4BE296C443E0059FFAE /* CustomSearchBar.swift in Sources */,
				C6C3C835296D8FC7000AE4CE /* CustomBottomSignButton.swift in Sources */,
				C6C3C83D296FF453000AE4CE /* LogInAccountVC.swift in Sources */,
				C6BFB4A1296C41B70059FFAE /* AppDelegate.swift in Sources */,
				C60E7A3F296C5DF0005754F9 /* WelcomeVC.swift in Sources */,
				C6C3C83F296FFD77000AE4CE /* FillYourProfileVC.swift in Sources */,
				C6BFB4C2296C44E40059FFAE /* CustomEditableTextView.swift in Sources */,
				C6C3C84329702398000AE4CE /* CreatePinVC.swift in Sources */,
				C6BFB4CA296C45020059FFAE /* CustomFirstHeadLabel.swift in Sources */,
				C6BFB4B9296C42DE0059FFAE /* CustomColor.swift in Sources */,
				C60E7A46296C9222005754F9 /* Font.swift in Sources */,
				C6BFB4CB296C45020059FFAE /* CustomHeaderView.swift in Sources */,
				C6C3C84129701310000AE4CE /* PinMapVC.swift in Sources */,
				C6BFB4CD296C45020059FFAE /* CustomNormalHeadLabel.swift in Sources */,
				C60E7A38296C4C1A005754F9 /* Presentation.swift in Sources */,
				C6BFB4C4296C44E40059FFAE /* CustomTextField.swift in Sources */,
				C60E7A3D296C5B40005754F9 /* SceneDelegate.swift in Sources */,
				C6BFB4CE296C45020059FFAE /* CustomSecondHeadLabel.swift in Sources */,
				C6BFB4D4296C45200059FFAE /* CustomPrimaryLargeButton.swift in Sources */,
				C6C3C829296CA5D5000AE4CE /* CustomIntroLabel.swift in Sources */,
				C6C3C827296CA4EA000AE4CE /* IntroVC.swift in Sources */,
				C6C3C84829704254000AE4CE /* SetFingerPrintVC.swift in Sources */,
			);
			runOnlyForDeploymentPostprocessing = 0;
		};
/* End PBXSourcesBuildPhase section */

/* Begin PBXVariantGroup section */
		C6BFB4AB296C41BA0059FFAE /* LaunchScreen.storyboard */ = {
			isa = PBXVariantGroup;
			children = (
				C6BFB4AC296C41BA0059FFAE /* Base */,
			);
			name = LaunchScreen.storyboard;
			sourceTree = "<group>";
		};
/* End PBXVariantGroup section */

/* Begin XCBuildConfiguration section */
		C6BFB4AF296C41BA0059FFAE /* Debug */ = {
			isa = XCBuildConfiguration;
			buildSettings = {
				ALWAYS_SEARCH_USER_PATHS = NO;
				CLANG_ANALYZER_NONNULL = YES;
				CLANG_ANALYZER_NUMBER_OBJECT_CONVERSION = YES_AGGRESSIVE;
				CLANG_CXX_LANGUAGE_STANDARD = "gnu++20";
				CLANG_ENABLE_MODULES = YES;
				CLANG_ENABLE_OBJC_ARC = YES;
				CLANG_ENABLE_OBJC_WEAK = YES;
				CLANG_WARN_BLOCK_CAPTURE_AUTORELEASING = YES;
				CLANG_WARN_BOOL_CONVERSION = YES;
				CLANG_WARN_COMMA = YES;
				CLANG_WARN_CONSTANT_CONVERSION = YES;
				CLANG_WARN_DEPRECATED_OBJC_IMPLEMENTATIONS = YES;
				CLANG_WARN_DIRECT_OBJC_ISA_USAGE = YES_ERROR;
				CLANG_WARN_DOCUMENTATION_COMMENTS = YES;
				CLANG_WARN_EMPTY_BODY = YES;
				CLANG_WARN_ENUM_CONVERSION = YES;
				CLANG_WARN_INFINITE_RECURSION = YES;
				CLANG_WARN_INT_CONVERSION = YES;
				CLANG_WARN_NON_LITERAL_NULL_CONVERSION = YES;
				CLANG_WARN_OBJC_IMPLICIT_RETAIN_SELF = YES;
				CLANG_WARN_OBJC_LITERAL_CONVERSION = YES;
				CLANG_WARN_OBJC_ROOT_CLASS = YES_ERROR;
				CLANG_WARN_QUOTED_INCLUDE_IN_FRAMEWORK_HEADER = YES;
				CLANG_WARN_RANGE_LOOP_ANALYSIS = YES;
				CLANG_WARN_STRICT_PROTOTYPES = YES;
				CLANG_WARN_SUSPICIOUS_MOVE = YES;
				CLANG_WARN_UNGUARDED_AVAILABILITY = YES_AGGRESSIVE;
				CLANG_WARN_UNREACHABLE_CODE = YES;
				CLANG_WARN__DUPLICATE_METHOD_MATCH = YES;
				COPY_PHASE_STRIP = NO;
				DEBUG_INFORMATION_FORMAT = dwarf;
				ENABLE_STRICT_OBJC_MSGSEND = YES;
				ENABLE_TESTABILITY = YES;
				GCC_C_LANGUAGE_STANDARD = gnu11;
				GCC_DYNAMIC_NO_PIC = NO;
				GCC_NO_COMMON_BLOCKS = YES;
				GCC_OPTIMIZATION_LEVEL = 0;
				GCC_PREPROCESSOR_DEFINITIONS = (
					"DEBUG=1",
					"$(inherited)",
				);
				GCC_WARN_64_TO_32_BIT_CONVERSION = YES;
				GCC_WARN_ABOUT_RETURN_TYPE = YES_ERROR;
				GCC_WARN_UNDECLARED_SELECTOR = YES;
				GCC_WARN_UNINITIALIZED_AUTOS = YES_AGGRESSIVE;
				GCC_WARN_UNUSED_FUNCTION = YES;
				GCC_WARN_UNUSED_VARIABLE = YES;
				IPHONEOS_DEPLOYMENT_TARGET = 16.0;
				MTL_ENABLE_DEBUG_INFO = INCLUDE_SOURCE;
				MTL_FAST_MATH = YES;
				ONLY_ACTIVE_ARCH = YES;
				SDKROOT = iphoneos;
				SWIFT_ACTIVE_COMPILATION_CONDITIONS = DEBUG;
				SWIFT_OPTIMIZATION_LEVEL = "-Onone";
			};
			name = Debug;
		};
		C6BFB4B0296C41BA0059FFAE /* Release */ = {
			isa = XCBuildConfiguration;
			buildSettings = {
				ALWAYS_SEARCH_USER_PATHS = NO;
				CLANG_ANALYZER_NONNULL = YES;
				CLANG_ANALYZER_NUMBER_OBJECT_CONVERSION = YES_AGGRESSIVE;
				CLANG_CXX_LANGUAGE_STANDARD = "gnu++20";
				CLANG_ENABLE_MODULES = YES;
				CLANG_ENABLE_OBJC_ARC = YES;
				CLANG_ENABLE_OBJC_WEAK = YES;
				CLANG_WARN_BLOCK_CAPTURE_AUTORELEASING = YES;
				CLANG_WARN_BOOL_CONVERSION = YES;
				CLANG_WARN_COMMA = YES;
				CLANG_WARN_CONSTANT_CONVERSION = YES;
				CLANG_WARN_DEPRECATED_OBJC_IMPLEMENTATIONS = YES;
				CLANG_WARN_DIRECT_OBJC_ISA_USAGE = YES_ERROR;
				CLANG_WARN_DOCUMENTATION_COMMENTS = YES;
				CLANG_WARN_EMPTY_BODY = YES;
				CLANG_WARN_ENUM_CONVERSION = YES;
				CLANG_WARN_INFINITE_RECURSION = YES;
				CLANG_WARN_INT_CONVERSION = YES;
				CLANG_WARN_NON_LITERAL_NULL_CONVERSION = YES;
				CLANG_WARN_OBJC_IMPLICIT_RETAIN_SELF = YES;
				CLANG_WARN_OBJC_LITERAL_CONVERSION = YES;
				CLANG_WARN_OBJC_ROOT_CLASS = YES_ERROR;
				CLANG_WARN_QUOTED_INCLUDE_IN_FRAMEWORK_HEADER = YES;
				CLANG_WARN_RANGE_LOOP_ANALYSIS = YES;
				CLANG_WARN_STRICT_PROTOTYPES = YES;
				CLANG_WARN_SUSPICIOUS_MOVE = YES;
				CLANG_WARN_UNGUARDED_AVAILABILITY = YES_AGGRESSIVE;
				CLANG_WARN_UNREACHABLE_CODE = YES;
				CLANG_WARN__DUPLICATE_METHOD_MATCH = YES;
				COPY_PHASE_STRIP = NO;
				DEBUG_INFORMATION_FORMAT = "dwarf-with-dsym";
				ENABLE_NS_ASSERTIONS = NO;
				ENABLE_STRICT_OBJC_MSGSEND = YES;
				GCC_C_LANGUAGE_STANDARD = gnu11;
				GCC_NO_COMMON_BLOCKS = YES;
				GCC_WARN_64_TO_32_BIT_CONVERSION = YES;
				GCC_WARN_ABOUT_RETURN_TYPE = YES_ERROR;
				GCC_WARN_UNDECLARED_SELECTOR = YES;
				GCC_WARN_UNINITIALIZED_AUTOS = YES_AGGRESSIVE;
				GCC_WARN_UNUSED_FUNCTION = YES;
				GCC_WARN_UNUSED_VARIABLE = YES;
				IPHONEOS_DEPLOYMENT_TARGET = 16.0;
				MTL_ENABLE_DEBUG_INFO = NO;
				MTL_FAST_MATH = YES;
				SDKROOT = iphoneos;
				SWIFT_COMPILATION_MODE = wholemodule;
				SWIFT_OPTIMIZATION_LEVEL = "-O";
				VALIDATE_PRODUCT = YES;
			};
			name = Release;
		};
		C6BFB4B2296C41BA0059FFAE /* Debug */ = {
			isa = XCBuildConfiguration;
			buildSettings = {
				ASSETCATALOG_COMPILER_APPICON_NAME = AppIcon;
				ASSETCATALOG_COMPILER_GLOBAL_ACCENT_COLOR_NAME = AccentColor;
				CODE_SIGN_STYLE = Automatic;
				CURRENT_PROJECT_VERSION = 1;
				DEVELOPMENT_TEAM = 4BD7R7VJN8;
				GENERATE_INFOPLIST_FILE = YES;
				INFOPLIST_FILE = Kuryeburada/Info.plist;
				INFOPLIST_KEY_UIApplicationSupportsIndirectInputEvents = YES;
				INFOPLIST_KEY_UILaunchStoryboardName = LaunchScreen;
				INFOPLIST_KEY_UISupportedInterfaceOrientations_iPad = "UIInterfaceOrientationPortrait UIInterfaceOrientationPortraitUpsideDown UIInterfaceOrientationLandscapeLeft UIInterfaceOrientationLandscapeRight";
				INFOPLIST_KEY_UISupportedInterfaceOrientations_iPhone = "UIInterfaceOrientationPortrait UIInterfaceOrientationLandscapeLeft UIInterfaceOrientationLandscapeRight";
				LD_RUNPATH_SEARCH_PATHS = (
					"$(inherited)",
					"@executable_path/Frameworks",
				);
				MARKETING_VERSION = 1.0;
				PRODUCT_BUNDLE_IDENTIFIER = com.dilaraelcioglu.Kuryeburada;
				PRODUCT_NAME = "$(TARGET_NAME)";
				SWIFT_EMIT_LOC_STRINGS = YES;
				SWIFT_VERSION = 5.0;
				TARGETED_DEVICE_FAMILY = "1,2";
			};
			name = Debug;
		};
		C6BFB4B3296C41BA0059FFAE /* Release */ = {
			isa = XCBuildConfiguration;
			buildSettings = {
				ASSETCATALOG_COMPILER_APPICON_NAME = AppIcon;
				ASSETCATALOG_COMPILER_GLOBAL_ACCENT_COLOR_NAME = AccentColor;
				CODE_SIGN_STYLE = Automatic;
				CURRENT_PROJECT_VERSION = 1;
				DEVELOPMENT_TEAM = 4BD7R7VJN8;
				GENERATE_INFOPLIST_FILE = YES;
				INFOPLIST_FILE = Kuryeburada/Info.plist;
				INFOPLIST_KEY_UIApplicationSupportsIndirectInputEvents = YES;
				INFOPLIST_KEY_UILaunchStoryboardName = LaunchScreen;
				INFOPLIST_KEY_UISupportedInterfaceOrientations_iPad = "UIInterfaceOrientationPortrait UIInterfaceOrientationPortraitUpsideDown UIInterfaceOrientationLandscapeLeft UIInterfaceOrientationLandscapeRight";
				INFOPLIST_KEY_UISupportedInterfaceOrientations_iPhone = "UIInterfaceOrientationPortrait UIInterfaceOrientationLandscapeLeft UIInterfaceOrientationLandscapeRight";
				LD_RUNPATH_SEARCH_PATHS = (
					"$(inherited)",
					"@executable_path/Frameworks",
				);
				MARKETING_VERSION = 1.0;
				PRODUCT_BUNDLE_IDENTIFIER = com.dilaraelcioglu.Kuryeburada;
				PRODUCT_NAME = "$(TARGET_NAME)";
				SWIFT_EMIT_LOC_STRINGS = YES;
				SWIFT_VERSION = 5.0;
				TARGETED_DEVICE_FAMILY = "1,2";
			};
			name = Release;
		};
/* End XCBuildConfiguration section */

/* Begin XCConfigurationList section */
		C6BFB498296C41B70059FFAE /* Build configuration list for PBXProject "Kuryeburada" */ = {
			isa = XCConfigurationList;
			buildConfigurations = (
				C6BFB4AF296C41BA0059FFAE /* Debug */,
				C6BFB4B0296C41BA0059FFAE /* Release */,
			);
			defaultConfigurationIsVisible = 0;
			defaultConfigurationName = Release;
		};
		C6BFB4B1296C41BA0059FFAE /* Build configuration list for PBXNativeTarget "Kuryeburada" */ = {
			isa = XCConfigurationList;
			buildConfigurations = (
				C6BFB4B2296C41BA0059FFAE /* Debug */,
				C6BFB4B3296C41BA0059FFAE /* Release */,
			);
			defaultConfigurationIsVisible = 0;
			defaultConfigurationName = Release;
		};
/* End XCConfigurationList section */

/* Begin XCRemoteSwiftPackageReference section */
		C60E7A30296C4B4C005754F9 /* XCRemoteSwiftPackageReference "lottie-ios" */ = {
			isa = XCRemoteSwiftPackageReference;
			repositoryURL = "https://github.com/airbnb/lottie-ios.git";
			requirement = {
				branch = master;
				kind = branch;
			};
		};
		C60E7A39296C4D81005754F9 /* XCRemoteSwiftPackageReference "Hero" */ = {
			isa = XCRemoteSwiftPackageReference;
			repositoryURL = "https://github.com/HeroTransitions/Hero.git";
			requirement = {
				kind = upToNextMajorVersion;
				minimumVersion = 1.4.0;
			};
		};
		C6BFB4BA296C44080059FFAE /* XCRemoteSwiftPackageReference "SnapKit" */ = {
			isa = XCRemoteSwiftPackageReference;
			repositoryURL = "https://github.com/SnapKit/SnapKit.git";
			requirement = {
				branch = develop;
				kind = branch;
			};
		};
		C6C3C84429703F34000AE4CE /* XCRemoteSwiftPackageReference "CHIOTPField" */ = {
			isa = XCRemoteSwiftPackageReference;
			repositoryURL = "https://github.com/ChiliLabs/CHIOTPField.git";
			requirement = {
				kind = upToNextMajorVersion;
				minimumVersion = 0.1.0;
			};
		};
/* End XCRemoteSwiftPackageReference section */

/* Begin XCSwiftPackageProductDependency section */
		C60E7A31296C4B4C005754F9 /* Lottie */ = {
			isa = XCSwiftPackageProductDependency;
			package = C60E7A30296C4B4C005754F9 /* XCRemoteSwiftPackageReference "lottie-ios" */;
			productName = Lottie;
		};
		C60E7A3A296C4D81005754F9 /* Hero */ = {
			isa = XCSwiftPackageProductDependency;
			package = C60E7A39296C4D81005754F9 /* XCRemoteSwiftPackageReference "Hero" */;
			productName = Hero;
		};
		C6BFB4BB296C44080059FFAE /* SnapKit */ = {
			isa = XCSwiftPackageProductDependency;
			package = C6BFB4BA296C44080059FFAE /* XCRemoteSwiftPackageReference "SnapKit" */;
			productName = SnapKit;
		};
		C6C3C84529703F34000AE4CE /* CHIOTPField */ = {
			isa = XCSwiftPackageProductDependency;
			package = C6C3C84429703F34000AE4CE /* XCRemoteSwiftPackageReference "CHIOTPField" */;
			productName = CHIOTPField;
		};
/* End XCSwiftPackageProductDependency section */
	};
	rootObject = C6BFB495296C41B70059FFAE /* Project object */;
}
